
Microsoft Visual Studio Solution File, Format Version 12.00
# Visual Studio 15
VisualStudioVersion = 15.0.28307.1300
MinimumVisualStudioVersion = 10.0.40219.1
Project("{FAE04EC0-301F-11D3-BF4B-00C04F79EFBC}") = "WebApiDemo", "WebApiDemo\WebApiDemo.csproj", "{702317D5-BEDC-4F31-94FA-7B7A18E52956}"
EndProject
Project("{FAE04EC0-301F-11D3-BF4B-00C04F79EFBC}") = "EmployeeDataAccess", "EmployeeDataAccess\EmployeeDataAccess.csproj", "{96D6CC19-42BA-410C-97AB-F3032E18BEAD}"
EndProject
Global
	GlobalSection(SolutionConfigurationPlatforms) = preSolution
		Debug|Any CPU = Debug|Any CPU
		Release|Any CPU = Release|Any CPU
	EndGlobalSection
	GlobalSection(ProjectConfigurationPlatforms) = postSolution
		{702317D5-BEDC-4F31-94FA-7B7A18E52956}.Debug|Any CPU.ActiveCfg = Debug|Any CPU
		{702317D5-BEDC-4F31-94FA-7B7A18E52956}.Debug|Any CPU.Build.0 = Debug|Any CPU
		{702317D5-BEDC-4F31-94FA-7B7A18E52956}.Release|Any CPU.ActiveCfg = Release|Any CPU
		{702317D5-BEDC-4F31-94FA-7B7A18E52956}.Release|Any CPU.Build.0 = Release|Any CPU
		{96D6CC19-42BA-410C-97AB-F3032E18BEAD}.Debug|Any CPU.ActiveCfg = Debug|Any CPU
		{96D6CC19-42BA-410C-97AB-F3032E18BEAD}.Debug|Any CPU.Build.0 = Debug|Any CPU
		{96D6CC19-42BA-410C-97AB-F3032E18BEAD}.Release|Any CPU.ActiveCfg = Release|Any CPU
		{96D6CC19-42BA-410C-97AB-F3032E18BEAD}.Release|Any CPU.Build.0 = Release|Any CPU
	EndGlobalSection
	GlobalSection(SolutionProperties) = preSolution
		HideSolutionNode = FALSE
	EndGlobalSection
	GlobalSection(ExtensibilityGlobals) = postSolution
		SolutionGuid = {361F52D1-A611-4994-B05E-5097489DCE2C}
	EndGlobalSection
EndGlobal
